
Microsoft Visual Studio Solution File, Format Version 12.00
# Visual Studio Version 16
VisualStudioVersion = 16.0.31727.386
MinimumVisualStudioVersion = 10.0.40219.1
Project("{FAE04EC0-301F-11D3-BF4B-00C04F79EFBC}") = "lancolt lista", "lancolt lista\lancolt lista.csproj", "{FD260C06-0DF5-4B56-94C9-6F57998758EC}"
EndProject
Global
	GlobalSection(SolutionConfigurationPlatforms) = preSolution
		Debug|Any CPU = Debug|Any CPU
		Release|Any CPU = Release|Any CPU
	EndGlobalSection
	GlobalSection(ProjectConfigurationPlatforms) = postSolution
		{FD260C06-0DF5-4B56-94C9-6F57998758EC}.Debug|Any CPU.ActiveCfg = Debug|Any CPU
		{FD260C06-0DF5-4B56-94C9-6F57998758EC}.Debug|Any CPU.Build.0 = Debug|Any CPU
		{FD260C06-0DF5-4B56-94C9-6F57998758EC}.Release|Any CPU.ActiveCfg = Release|Any CPU
		{FD260C06-0DF5-4B56-94C9-6F57998758EC}.Release|Any CPU.Build.0 = Release|Any CPU
	EndGlobalSection
	GlobalSection(SolutionProperties) = preSolution
		HideSolutionNode = FALSE
	EndGlobalSection
	GlobalSection(ExtensibilityGlobals) = postSolution
		SolutionGuid = {1D1CA2E0-AF7F-476A-BE82-EF9E2260360D}
	EndGlobalSection
EndGlobal
